// !$*UTF8*$!
{
	archiveVersion = 1;
	classes = {
	};
	objectVersion = 56;
	objects = {

/* Begin PBXBuildFile section */
		9BE5E88829F851A1008FDFB3 /* AppDelegate.swift in Sources */ = {isa = PBXBuildFile; fileRef = 9BE5E88729F851A1008FDFB3 /* AppDelegate.swift */; };
		9BE5E88A29F851A1008FDFB3 /* SceneDelegate.swift in Sources */ = {isa = PBXBuildFile; fileRef = 9BE5E88929F851A1008FDFB3 /* SceneDelegate.swift */; };
		9BE5E88C29F851A1008FDFB3 /* ViewController.swift in Sources */ = {isa = PBXBuildFile; fileRef = 9BE5E88B29F851A1008FDFB3 /* ViewController.swift */; };
		9BE5E88F29F851A1008FDFB3 /* Main.storyboard in Resources */ = {isa = PBXBuildFile; fileRef = 9BE5E88D29F851A1008FDFB3 /* Main.storyboard */; };
		9BE5E89129F851A5008FDFB3 /* Assets.xcassets in Resources */ = {isa = PBXBuildFile; fileRef = 9BE5E89029F851A5008FDFB3 /* Assets.xcassets */; };
		9BE5E89429F851A5008FDFB3 /* LaunchScreen.storyboard in Resources */ = {isa = PBXBuildFile; fileRef = 9BE5E89229F851A5008FDFB3 /* LaunchScreen.storyboard */; };
		9BE5E89E29F854F6008FDFB3 /* Modelo.swift in Sources */ = {isa = PBXBuildFile; fileRef = 9BE5E89D29F854F6008FDFB3 /* Modelo.swift */; };
		9BE5E8A029F8553E008FDFB3 /* ModeloViewModel.swift in Sources */ = {isa = PBXBuildFile; fileRef = 9BE5E89F29F8553E008FDFB3 /* ModeloViewModel.swift */; };
/* End PBXBuildFile section */

/* Begin PBXFileReference section */
		9BE5E88429F851A1008FDFB3 /* JSONUIKIT.app */ = {isa = PBXFileReference; explicitFileType = wrapper.application; includeInIndex = 0; path = JSONUIKIT.app; sourceTree = BUILT_PRODUCTS_DIR; };
		9BE5E88729F851A1008FDFB3 /* AppDelegate.swift */ = {isa = PBXFileReference; lastKnownFileType = sourcecode.swift; path = AppDelegate.swift; sourceTree = "<group>"; };
		9BE5E88929F851A1008FDFB3 /* SceneDelegate.swift */ = {isa = PBXFileReference; lastKnownFileType = sourcecode.swift; path = SceneDelegate.swift; sourceTree = "<group>"; };
		9BE5E88B29F851A1008FDFB3 /* ViewController.swift */ = {isa = PBXFileReference; lastKnownFileType = sourcecode.swift; path = ViewController.swift; sourceTree = "<group>"; };
		9BE5E88E29F851A1008FDFB3 /* Base */ = {isa = PBXFileReference; lastKnownFileType = file.storyboard; name = Base; path = Base.lproj/Main.storyboard; sourceTree = "<group>"; };
		9BE5E89029F851A5008FDFB3 /* Assets.xcassets */ = {isa = PBXFileReference; lastKnownFileType = folder.assetcatalog; path = Assets.xcassets; sourceTree = "<group>"; };
		9BE5E89329F851A5008FDFB3 /* Base */ = {isa = PBXFileReference; lastKnownFileType = file.storyboard; name = Base; path = Base.lproj/LaunchScreen.storyboard; sourceTree = "<group>"; };
		9BE5E89529F851A5008FDFB3 /* Info.plist */ = {isa = PBXFileReference; lastKnownFileType = text.plist.xml; path = Info.plist; sourceTree = "<group>"; };
		9BE5E89D29F854F6008FDFB3 /* Modelo.swift */ = {isa = PBXFileReference; lastKnownFileType = sourcecode.swift; path = Modelo.swift; sourceTree = "<group>"; };
		9BE5E89F29F8553E008FDFB3 /* ModeloViewModel.swift */ = {isa = PBXFileReference; lastKnownFileType = sourcecode.swift; path = ModeloViewModel.swift; sourceTree = "<group>"; };
/* End PBXFileReference section */

/* Begin PBXFrameworksBuildPhase section */
		9BE5E88129F851A1008FDFB3 /* Frameworks */ = {
			isa = PBXFrameworksBuildPhase;
			buildActionMask = 2147483647;
			files = (
			);
			runOnlyForDeploymentPostprocessing = 0;
		};
/* End PBXFrameworksBuildPhase section */

/* Begin PBXGroup section */
		9BE5E87B29F851A1008FDFB3 = {
			isa = PBXGroup;
			children = (
				9BE5E88629F851A1008FDFB3 /* JSONUIKIT */,
				9BE5E88529F851A1008FDFB3 /* Products */,
			);
			sourceTree = "<group>";
		};
		9BE5E88529F851A1008FDFB3 /* Products */ = {
			isa = PBXGroup;
			children = (
				9BE5E88429F851A1008FDFB3 /* JSONUIKIT.app */,
			);
			name = Products;
			sourceTree = "<group>";
		};
		9BE5E88629F851A1008FDFB3 /* JSONUIKIT */ = {
			isa = PBXGroup;
			children = (
				9BE5E89C29F854D4008FDFB3 /* ViewModel */,
				9BE5E89B29F854CC008FDFB3 /* Model */,
				9BE5E88729F851A1008FDFB3 /* AppDelegate.swift */,
				9BE5E88929F851A1008FDFB3 /* SceneDelegate.swift */,
				9BE5E88B29F851A1008FDFB3 /* ViewController.swift */,
				9BE5E88D29F851A1008FDFB3 /* Main.storyboard */,
				9BE5E89029F851A5008FDFB3 /* Assets.xcassets */,
				9BE5E89229F851A5008FDFB3 /* LaunchScreen.storyboard */,
				9BE5E89529F851A5008FDFB3 /* Info.plist */,
			);
			path = JSONUIKIT;
			sourceTree = "<group>";
		};
		9BE5E89B29F854CC008FDFB3 /* Model */ = {
			isa = PBXGroup;
			children = (
				9BE5E89D29F854F6008FDFB3 /* Modelo.swift */,
			);
			path = Model;
			sourceTree = "<group>";
		};
		9BE5E89C29F854D4008FDFB3 /* ViewModel */ = {
			isa = PBXGroup;
			children = (
				9BE5E89F29F8553E008FDFB3 /* ModeloViewModel.swift */,
			);
			path = ViewModel;
			sourceTree = "<group>";
		};
/* End PBXGroup section */

/* Begin PBXNativeTarget section */
		9BE5E88329F851A1008FDFB3 /* JSONUIKIT */ = {
			isa = PBXNativeTarget;
			buildConfigurationList = 9BE5E89829F851A5008FDFB3 /* Build configuration list for PBXNativeTarget "JSONUIKIT" */;
			buildPhases = (
				9BE5E88029F851A1008FDFB3 /* Sources */,
				9BE5E88129F851A1008FDFB3 /* Frameworks */,
				9BE5E88229F851A1008FDFB3 /* Resources */,
			);
			buildRules = (
			);
			dependencies = (
			);
			name = JSONUIKIT;
			productName = JSONUIKIT;
			productReference = 9BE5E88429F851A1008FDFB3 /* JSONUIKIT.app */;
			productType = "com.apple.product-type.application";
		};
/* End PBXNativeTarget section */

/* Begin PBXProject section */
		9BE5E87C29F851A1008FDFB3 /* Project object */ = {
			isa = PBXProject;
			attributes = {
				BuildIndependentTargetsInParallel = 1;
				LastSwiftUpdateCheck = 1420;
				LastUpgradeCheck = 1420;
				TargetAttributes = {
					9BE5E88329F851A1008FDFB3 = {
						CreatedOnToolsVersion = 14.2;
					};
				};
			};
			buildConfigurationList = 9BE5E87F29F851A1008FDFB3 /* Build configuration list for PBXProject "JSONUIKIT" */;
			compatibilityVersion = "Xcode 14.0";
			developmentRegion = en;
			hasScannedForEncodings = 0;
			knownRegions = (
				en,
				Base,
			);
			mainGroup = 9BE5E87B29F851A1008FDFB3;
			productRefGroup = 9BE5E88529F851A1008FDFB3 /* Products */;
			projectDirPath = "";
			projectRoot = "";
			targets = (
				9BE5E88329F851A1008FDFB3 /* JSONUIKIT */,
			);
		};
/* End PBXProject section */

/* Begin PBXResourcesBuildPhase section */
		9BE5E88229F851A1008FDFB3 /* Resources */ = {
			isa = PBXResourcesBuildPhase;
			buildActionMask = 2147483647;
			files = (
				9BE5E89429F851A5008FDFB3 /* LaunchScreen.storyboard in Resources */,
				9BE5E89129F851A5008FDFB3 /* Assets.xcassets in Resources */,
				9BE5E88F29F851A1008FDFB3 /* Main.storyboard in Resources */,
			);
			runOnlyForDeploymentPostprocessing = 0;
		};
/* End PBXResourcesBuildPhase section */

/* Begin PBXSourcesBuildPhase section */
		9BE5E88029F851A1008FDFB3 /* Sources */ = {
			isa = PBXSourcesBuildPhase;
			buildActionMask = 2147483647;
			files = (
				9BE5E88C29F851A1008FDFB3 /* ViewController.swift in Sources */,
				9BE5E88829F851A1008FDFB3 /* AppDelegate.swift in Sources */,
				9BE5E88A29F851A1008FDFB3 /* SceneDelegate.swift in Sources */,
				9BE5E89E29F854F6008FDFB3 /* Modelo.swift in Sources */,
				9BE5E8A029F8553E008FDFB3 /* ModeloViewModel.swift in Sources */,
			);
			runOnlyForDeploymentPostprocessing = 0;
		};
/* End PBXSourcesBuildPhase section */

/* Begin PBXVariantGroup section */
		9BE5E88D29F851A1008FDFB3 /* Main.storyboard */ = {
			isa = PBXVariantGroup;
			children = (
				9BE5E88E29F851A1008FDFB3 /* Base */,
			);
			name = Main.storyboard;
			sourceTree = "<group>";
		};
		9BE5E89229F851A5008FDFB3 /* LaunchScreen.storyboard */ = {
			isa = PBXVariantGroup;
			children = (
				9BE5E89329F851A5008FDFB3 /* Base */,
			);
			name = LaunchScreen.storyboard;
			sourceTree = "<group>";
		};
/* End PBXVariantGroup section */

/* Begin XCBuildConfiguration section */
		9BE5E89629F851A5008FDFB3 /* Debug */ = {
			isa = XCBuildConfiguration;
			buildSettings = {
				ALWAYS_SEARCH_USER_PATHS = NO;
				CLANG_ANALYZER_NONNULL = YES;
				CLANG_ANALYZER_NUMBER_OBJECT_CONVERSION = YES_AGGRESSIVE;
				CLANG_CXX_LANGUAGE_STANDARD = "gnu++20";
				CLANG_ENABLE_MODULES = YES;
				CLANG_ENABLE_OBJC_ARC = YES;
				CLANG_ENABLE_OBJC_WEAK = YES;
				CLANG_WARN_BLOCK_CAPTURE_AUTORELEASING = YES;
				CLANG_WARN_BOOL_CONVERSION = YES;
				CLANG_WARN_COMMA = YES;
				CLANG_WARN_CONSTANT_CONVERSION = YES;
				CLANG_WARN_DEPRECATED_OBJC_IMPLEMENTATIONS = YES;
				CLANG_WARN_DIRECT_OBJC_ISA_USAGE = YES_ERROR;
				CLANG_WARN_DOCUMENTATION_COMMENTS = YES;
				CLANG_WARN_EMPTY_BODY = YES;
				CLANG_WARN_ENUM_CONVERSION = YES;
				CLANG_WARN_INFINITE_RECURSION = YES;
				CLANG_WARN_INT_CONVERSION = YES;
				CLANG_WARN_NON_LITERAL_NULL_CONVERSION = YES;
				CLANG_WARN_OBJC_IMPLICIT_RETAIN_SELF = YES;
				CLANG_WARN_OBJC_LITERAL_CONVERSION = YES;
				CLANG_WARN_OBJC_ROOT_CLASS = YES_ERROR;
				CLANG_WARN_QUOTED_INCLUDE_IN_FRAMEWORK_HEADER = YES;
				CLANG_WARN_RANGE_LOOP_ANALYSIS = YES;
				CLANG_WARN_STRICT_PROTOTYPES = YES;
				CLANG_WARN_SUSPICIOUS_MOVE = YES;
				CLANG_WARN_UNGUARDED_AVAILABILITY = YES_AGGRESSIVE;
				CLANG_WARN_UNREACHABLE_CODE = YES;
				CLANG_WARN__DUPLICATE_METHOD_MATCH = YES;
				COPY_PHASE_STRIP = NO;
				DEBUG_INFORMATION_FORMAT = dwarf;
				ENABLE_STRICT_OBJC_MSGSEND = YES;
				ENABLE_TESTABILITY = YES;
				GCC_C_LANGUAGE_STANDARD = gnu11;
				GCC_DYNAMIC_NO_PIC = NO;
				GCC_NO_COMMON_BLOCKS = YES;
				GCC_OPTIMIZATION_LEVEL = 0;
				GCC_PREPROCESSOR_DEFINITIONS = (
					"DEBUG=1",
					"$(inherited)",
				);
				GCC_WARN_64_TO_32_BIT_CONVERSION = YES;
				GCC_WARN_ABOUT_RETURN_TYPE = YES_ERROR;
				GCC_WARN_UNDECLARED_SELECTOR = YES;
				GCC_WARN_UNINITIALIZED_AUTOS = YES_AGGRESSIVE;
				GCC_WARN_UNUSED_FUNCTION = YES;
				GCC_WARN_UNUSED_VARIABLE = YES;
				IPHONEOS_DEPLOYMENT_TARGET = 16.2;
				MTL_ENABLE_DEBUG_INFO = INCLUDE_SOURCE;
				MTL_FAST_MATH = YES;
				ONLY_ACTIVE_ARCH = YES;
				SDKROOT = iphoneos;
				SWIFT_ACTIVE_COMPILATION_CONDITIONS = DEBUG;
				SWIFT_OPTIMIZATION_LEVEL = "-Onone";
			};
			name = Debug;
		};
		9BE5E89729F851A5008FDFB3 /* Release */ = {
			isa = XCBuildConfiguration;
			buildSettings = {
				ALWAYS_SEARCH_USER_PATHS = NO;
				CLANG_ANALYZER_NONNULL = YES;
				CLANG_ANALYZER_NUMBER_OBJECT_CONVERSION = YES_AGGRESSIVE;
				CLANG_CXX_LANGUAGE_STANDARD = "gnu++20";
				CLANG_ENABLE_MODULES = YES;
				CLANG_ENABLE_OBJC_ARC = YES;
				CLANG_ENABLE_OBJC_WEAK = YES;
				CLANG_WARN_BLOCK_CAPTURE_AUTORELEASING = YES;
				CLANG_WARN_BOOL_CONVERSION = YES;
				CLANG_WARN_COMMA = YES;
				CLANG_WARN_CONSTANT_CONVERSION = YES;
				CLANG_WARN_DEPRECATED_OBJC_IMPLEMENTATIONS = YES;
				CLANG_WARN_DIRECT_OBJC_ISA_USAGE = YES_ERROR;
				CLANG_WARN_DOCUMENTATION_COMMENTS = YES;
				CLANG_WARN_EMPTY_BODY = YES;
				CLANG_WARN_ENUM_CONVERSION = YES;
				CLANG_WARN_INFINITE_RECURSION = YES;
				CLANG_WARN_INT_CONVERSION = YES;
				CLANG_WARN_NON_LITERAL_NULL_CONVERSION = YES;
				CLANG_WARN_OBJC_IMPLICIT_RETAIN_SELF = YES;
				CLANG_WARN_OBJC_LITERAL_CONVERSION = YES;
				CLANG_WARN_OBJC_ROOT_CLASS = YES_ERROR;
				CLANG_WARN_QUOTED_INCLUDE_IN_FRAMEWORK_HEADER = YES;
				CLANG_WARN_RANGE_LOOP_ANALYSIS = YES;
				CLANG_WARN_STRICT_PROTOTYPES = YES;
				CLANG_WARN_SUSPICIOUS_MOVE = YES;
				CLANG_WARN_UNGUARDED_AVAILABILITY = YES_AGGRESSIVE;
				CLANG_WARN_UNREACHABLE_CODE = YES;
				CLANG_WARN__DUPLICATE_METHOD_MATCH = YES;
				COPY_PHASE_STRIP = NO;
				DEBUG_INFORMATION_FORMAT = "dwarf-with-dsym";
				ENABLE_NS_ASSERTIONS = NO;
				ENABLE_STRICT_OBJC_MSGSEND = YES;
				GCC_C_LANGUAGE_STANDARD = gnu11;
				GCC_NO_COMMON_BLOCKS = YES;
				GCC_WARN_64_TO_32_BIT_CONVERSION = YES;
				GCC_WARN_ABOUT_RETURN_TYPE = YES_ERROR;
				GCC_WARN_UNDECLARED_SELECTOR = YES;
				GCC_WARN_UNINITIALIZED_AUTOS = YES_AGGRESSIVE;
				GCC_WARN_UNUSED_FUNCTION = YES;
				GCC_WARN_UNUSED_VARIABLE = YES;
				IPHONEOS_DEPLOYMENT_TARGET = 16.2;
				MTL_ENABLE_DEBUG_INFO = NO;
				MTL_FAST_MATH = YES;
				SDKROOT = iphoneos;
				SWIFT_COMPILATION_MODE = wholemodule;
				SWIFT_OPTIMIZATION_LEVEL = "-O";
				VALIDATE_PRODUCT = YES;
			};
			name = Release;
		};
		9BE5E89929F851A5008FDFB3 /* Debug */ = {
			isa = XCBuildConfiguration;
			buildSettings = {
				ASSETCATALOG_COMPILER_APPICON_NAME = AppIcon;
				ASSETCATALOG_COMPILER_GLOBAL_ACCENT_COLOR_NAME = AccentColor;
				CODE_SIGN_STYLE = Automatic;
				CURRENT_PROJECT_VERSION = 1;
				DEVELOPMENT_TEAM = BN7VKM9KUJ;
				GENERATE_INFOPLIST_FILE = YES;
				INFOPLIST_FILE = JSONUIKIT/Info.plist;
				INFOPLIST_KEY_UIApplicationSupportsIndirectInputEvents = YES;
				INFOPLIST_KEY_UILaunchStoryboardName = LaunchScreen;
				INFOPLIST_KEY_UIMainStoryboardFile = Main;
				INFOPLIST_KEY_UISupportedInterfaceOrientations_iPad = "UIInterfaceOrientationPortrait UIInterfaceOrientationPortraitUpsideDown UIInterfaceOrientationLandscapeLeft UIInterfaceOrientationLandscapeRight";
				INFOPLIST_KEY_UISupportedInterfaceOrientations_iPhone = "UIInterfaceOrientationPortrait UIInterfaceOrientationLandscapeLeft UIInterfaceOrientationLandscapeRight";
				LD_RUNPATH_SEARCH_PATHS = (
					"$(inherited)",
					"@executable_path/Frameworks",
				);
				MARKETING_VERSION = 1.0;
				PRODUCT_BUNDLE_IDENTIFIER = com.paul.JSONUIKIT;
				PRODUCT_NAME = "$(TARGET_NAME)";
				SWIFT_EMIT_LOC_STRINGS = YES;
				SWIFT_VERSION = 5.0;
				TARGETED_DEVICE_FAMILY = "1,2";
			};
			name = Debug;
		};
		9BE5E89A29F851A5008FDFB3 /* Release */ = {
			isa = XCBuildConfiguration;
			buildSettings = {
				ASSETCATALOG_COMPILER_APPICON_NAME = AppIcon;
				ASSETCATALOG_COMPILER_GLOBAL_ACCENT_COLOR_NAME = AccentColor;
				CODE_SIGN_STYLE = Automatic;
				CURRENT_PROJECT_VERSION = 1;
				DEVELOPMENT_TEAM = BN7VKM9KUJ;
				GENERATE_INFOPLIST_FILE = YES;
				INFOPLIST_FILE = JSONUIKIT/Info.plist;
				INFOPLIST_KEY_UIApplicationSupportsIndirectInputEvents = YES;
				INFOPLIST_KEY_UILaunchStoryboardName = LaunchScreen;
				INFOPLIST_KEY_UIMainStoryboardFile = Main;
				INFOPLIST_KEY_UISupportedInterfaceOrientations_iPad = "UIInterfaceOrientationPortrait UIInterfaceOrientationPortraitUpsideDown UIInterfaceOrientationLandscapeLeft UIInterfaceOrientationLandscapeRight";
				INFOPLIST_KEY_UISupportedInterfaceOrientations_iPhone = "UIInterfaceOrientationPortrait UIInterfaceOrientationLandscapeLeft UIInterfaceOrientationLandscapeRight";
				LD_RUNPATH_SEARCH_PATHS = (
					"$(inherited)",
					"@executable_path/Frameworks",
				);
				MARKETING_VERSION = 1.0;
				PRODUCT_BUNDLE_IDENTIFIER = com.paul.JSONUIKIT;
				PRODUCT_NAME = "$(TARGET_NAME)";
				SWIFT_EMIT_LOC_STRINGS = YES;
				SWIFT_VERSION = 5.0;
				TARGETED_DEVICE_FAMILY = "1,2";
			};
			name = Release;
		};
/* End XCBuildConfiguration section */

/* Begin XCConfigurationList section */
		9BE5E87F29F851A1008FDFB3 /* Build configuration list for PBXProject "JSONUIKIT" */ = {
			isa = XCConfigurationList;
			buildConfigurations = (
				9BE5E89629F851A5008FDFB3 /* Debug */,
				9BE5E89729F851A5008FDFB3 /* Release */,
			);
			defaultConfigurationIsVisible = 0;
			defaultConfigurationName = Release;
		};
		9BE5E89829F851A5008FDFB3 /* Build configuration list for PBXNativeTarget "JSONUIKIT" */ = {
			isa = XCConfigurationList;
			buildConfigurations = (
				9BE5E89929F851A5008FDFB3 /* Debug */,
				9BE5E89A29F851A5008FDFB3 /* Release */,
			);
			defaultConfigurationIsVisible = 0;
			defaultConfigurationName = Release;
		};
/* End XCConfigurationList section */
	};
	rootObject = 9BE5E87C29F851A1008FDFB3 /* Project object */;
}
